// !$*UTF8*$!
{
	archiveVersion = 1;
	classes = {
	};
	objectVersion = 56;
	objects = {

/* Begin PBXBuildFile section */
		DF5C628E2C3FF5DB0026ED08 /* ColorTestAppApp.swift in Sources */ = {isa = PBXBuildFile; fileRef = DF5C628D2C3FF5DB0026ED08 /* ColorTestAppApp.swift */; };
		DF5C62902C3FF5DB0026ED08 /* ContentView.swift in Sources */ = {isa = PBXBuildFile; fileRef = DF5C628F2C3FF5DB0026ED08 /* ContentView.swift */; };
		DF5C62922C3FF5E00026ED08 /* Assets.xcassets in Resources */ = {isa = PBXBuildFile; fileRef = DF5C62912C3FF5E00026ED08 /* Assets.xcassets */; };
		DF5C62952C3FF5E00026ED08 /* Preview Assets.xcassets in Resources */ = {isa = PBXBuildFile; fileRef = DF5C62942C3FF5E00026ED08 /* Preview Assets.xcassets */; };
		DF5C629F2C3FF5E00026ED08 /* ColorTestAppTests.swift in Sources */ = {isa = PBXBuildFile; fileRef = DF5C629E2C3FF5E00026ED08 /* ColorTestAppTests.swift */; };
		DF5C62A92C3FF5E00026ED08 /* ColorTestAppUITests.swift in Sources */ = {isa = PBXBuildFile; fileRef = DF5C62A82C3FF5E00026ED08 /* ColorTestAppUITests.swift */; };
		DF5C62AB2C3FF5E00026ED08 /* ColorTestAppUITestsLaunchTests.swift in Sources */ = {isa = PBXBuildFile; fileRef = DF5C62AA2C3FF5E00026ED08 /* ColorTestAppUITestsLaunchTests.swift */; };
		DF5C62B82C3FF8930026ED08 /* ColorSlider.swift in Sources */ = {isa = PBXBuildFile; fileRef = DF5C62B72C3FF8930026ED08 /* ColorSlider.swift */; };
/* End PBXBuildFile section */

/* Begin PBXContainerItemProxy section */
		DF5C629B2C3FF5E00026ED08 /* PBXContainerItemProxy */ = {
			isa = PBXContainerItemProxy;
			containerPortal = DF5C62822C3FF5DB0026ED08 /* Project object */;
			proxyType = 1;
			remoteGlobalIDString = DF5C62892C3FF5DB0026ED08;
			remoteInfo = ColorTestApp;
		};
		DF5C62A52C3FF5E00026ED08 /* PBXContainerItemProxy */ = {
			isa = PBXContainerItemProxy;
			containerPortal = DF5C62822C3FF5DB0026ED08 /* Project object */;
			proxyType = 1;
			remoteGlobalIDString = DF5C62892C3FF5DB0026ED08;
			remoteInfo = ColorTestApp;
		};
/* End PBXContainerItemProxy section */

/* Begin PBXFileReference section */
		DF5C628A2C3FF5DB0026ED08 /* ColorTestApp.app */ = {isa = PBXFileReference; explicitFileType = wrapper.application; includeInIndex = 0; path = ColorTestApp.app; sourceTree = BUILT_PRODUCTS_DIR; };
		DF5C628D2C3FF5DB0026ED08 /* ColorTestAppApp.swift */ = {isa = PBXFileReference; lastKnownFileType = sourcecode.swift; path = ColorTestAppApp.swift; sourceTree = "<group>"; };
		DF5C628F2C3FF5DB0026ED08 /* ContentView.swift */ = {isa = PBXFileReference; lastKnownFileType = sourcecode.swift; path = ContentView.swift; sourceTree = "<group>"; };
		DF5C62912C3FF5E00026ED08 /* Assets.xcassets */ = {isa = PBXFileReference; lastKnownFileType = folder.assetcatalog; path = Assets.xcassets; sourceTree = "<group>"; };
		DF5C62942C3FF5E00026ED08 /* Preview Assets.xcassets */ = {isa = PBXFileReference; lastKnownFileType = folder.assetcatalog; path = "Preview Assets.xcassets"; sourceTree = "<group>"; };
		DF5C629A2C3FF5E00026ED08 /* ColorTestAppTests.xctest */ = {isa = PBXFileReference; explicitFileType = wrapper.cfbundle; includeInIndex = 0; path = ColorTestAppTests.xctest; sourceTree = BUILT_PRODUCTS_DIR; };
		DF5C629E2C3FF5E00026ED08 /* ColorTestAppTests.swift */ = {isa = PBXFileReference; lastKnownFileType = sourcecode.swift; path = ColorTestAppTests.swift; sourceTree = "<group>"; };
		DF5C62A42C3FF5E00026ED08 /* ColorTestAppUITests.xctest */ = {isa = PBXFileReference; explicitFileType = wrapper.cfbundle; includeInIndex = 0; path = ColorTestAppUITests.xctest; sourceTree = BUILT_PRODUCTS_DIR; };
		DF5C62A82C3FF5E00026ED08 /* ColorTestAppUITests.swift */ = {isa = PBXFileReference; lastKnownFileType = sourcecode.swift; path = ColorTestAppUITests.swift; sourceTree = "<group>"; };
		DF5C62AA2C3FF5E00026ED08 /* ColorTestAppUITestsLaunchTests.swift */ = {isa = PBXFileReference; lastKnownFileType = sourcecode.swift; path = ColorTestAppUITestsLaunchTests.swift; sourceTree = "<group>"; };
		DF5C62B72C3FF8930026ED08 /* ColorSlider.swift */ = {isa = PBXFileReference; lastKnownFileType = sourcecode.swift; path = ColorSlider.swift; sourceTree = "<group>"; };
/* End PBXFileReference section */

/* Begin PBXFrameworksBuildPhase section */
		DF5C62872C3FF5DB0026ED08 /* Frameworks */ = {
			isa = PBXFrameworksBuildPhase;
			buildActionMask = 2147483647;
			files = (
			);
			runOnlyForDeploymentPostprocessing = 0;
		};
		DF5C62972C3FF5E00026ED08 /* Frameworks */ = {
			isa = PBXFrameworksBuildPhase;
			buildActionMask = 2147483647;
			files = (
			);
			runOnlyForDeploymentPostprocessing = 0;
		};
		DF5C62A12C3FF5E00026ED08 /* Frameworks */ = {
			isa = PBXFrameworksBuildPhase;
			buildActionMask = 2147483647;
			files = (
			);
			runOnlyForDeploymentPostprocessing = 0;
		};
/* End PBXFrameworksBuildPhase section */

/* Begin PBXGroup section */
		DF5C62812C3FF5DB0026ED08 = {
			isa = PBXGroup;
			children = (
				DF5C628C2C3FF5DB0026ED08 /* ColorTestApp */,
				DF5C629D2C3FF5E00026ED08 /* ColorTestAppTests */,
				DF5C62A72C3FF5E00026ED08 /* ColorTestAppUITests */,
				DF5C628B2C3FF5DB0026ED08 /* Products */,
			);
			sourceTree = "<group>";
		};
		DF5C628B2C3FF5DB0026ED08 /* Products */ = {
			isa = PBXGroup;
			children = (
				DF5C628A2C3FF5DB0026ED08 /* ColorTestApp.app */,
				DF5C629A2C3FF5E00026ED08 /* ColorTestAppTests.xctest */,
				DF5C62A42C3FF5E00026ED08 /* ColorTestAppUITests.xctest */,
			);
			name = Products;
			sourceTree = "<group>";
		};
		DF5C628C2C3FF5DB0026ED08 /* ColorTestApp */ = {
			isa = PBXGroup;
			children = (
				DF5C628D2C3FF5DB0026ED08 /* ColorTestAppApp.swift */,
				DF5C628F2C3FF5DB0026ED08 /* ContentView.swift */,
				DF5C62912C3FF5E00026ED08 /* Assets.xcassets */,
				DF5C62932C3FF5E00026ED08 /* Preview Content */,
				DF5C62B72C3FF8930026ED08 /* ColorSlider.swift */,
			);
			path = ColorTestApp;
			sourceTree = "<group>";
		};
		DF5C62932C3FF5E00026ED08 /* Preview Content */ = {
			isa = PBXGroup;
			children = (
				DF5C62942C3FF5E00026ED08 /* Preview Assets.xcassets */,
			);
			path = "Preview Content";
			sourceTree = "<group>";
		};
		DF5C629D2C3FF5E00026ED08 /* ColorTestAppTests */ = {
			isa = PBXGroup;
			children = (
				DF5C629E2C3FF5E00026ED08 /* ColorTestAppTests.swift */,
			);
			path = ColorTestAppTests;
			sourceTree = "<group>";
		};
		DF5C62A72C3FF5E00026ED08 /* ColorTestAppUITests */ = {
			isa = PBXGroup;
			children = (
				DF5C62A82C3FF5E00026ED08 /* ColorTestAppUITests.swift */,
				DF5C62AA2C3FF5E00026ED08 /* ColorTestAppUITestsLaunchTests.swift */,
			);
			path = ColorTestAppUITests;
			sourceTree = "<group>";
		};
/* End PBXGroup section */

/* Begin PBXNativeTarget section */
		DF5C62892C3FF5DB0026ED08 /* ColorTestApp */ = {
			isa = PBXNativeTarget;
			buildConfigurationList = DF5C62AE2C3FF5E00026ED08 /* Build configuration list for PBXNativeTarget "ColorTestApp" */;
			buildPhases = (
				DF5C62862C3FF5DB0026ED08 /* Sources */,
				DF5C62872C3FF5DB0026ED08 /* Frameworks */,
				DF5C62882C3FF5DB0026ED08 /* Resources */,
			);
			buildRules = (
			);
			dependencies = (
			);
			name = ColorTestApp;
			productName = ColorTestApp;
			productReference = DF5C628A2C3FF5DB0026ED08 /* ColorTestApp.app */;
			productType = "com.apple.product-type.application";
		};
		DF5C62992C3FF5E00026ED08 /* ColorTestAppTests */ = {
			isa = PBXNativeTarget;
			buildConfigurationList = DF5C62B12C3FF5E00026ED08 /* Build configuration list for PBXNativeTarget "ColorTestAppTests" */;
			buildPhases = (
				DF5C62962C3FF5E00026ED08 /* Sources */,
				DF5C62972C3FF5E00026ED08 /* Frameworks */,
				DF5C62982C3FF5E00026ED08 /* Resources */,
			);
			buildRules = (
			);
			dependencies = (
				DF5C629C2C3FF5E00026ED08 /* PBXTargetDependency */,
			);
			name = ColorTestAppTests;
			productName = ColorTestAppTests;
			productReference = DF5C629A2C3FF5E00026ED08 /* ColorTestAppTests.xctest */;
			productType = "com.apple.product-type.bundle.unit-test";
		};
		DF5C62A32C3FF5E00026ED08 /* ColorTestAppUITests */ = {
			isa = PBXNativeTarget;
			buildConfigurationList = DF5C62B42C3FF5E00026ED08 /* Build configuration list for PBXNativeTarget "ColorTestAppUITests" */;
			buildPhases = (
				DF5C62A02C3FF5E00026ED08 /* Sources */,
				DF5C62A12C3FF5E00026ED08 /* Frameworks */,
				DF5C62A22C3FF5E00026ED08 /* Resources */,
			);
			buildRules = (
			);
			dependencies = (
				DF5C62A62C3FF5E00026ED08 /* PBXTargetDependency */,
			);
			name = ColorTestAppUITests;
			productName = ColorTestAppUITests;
			productReference = DF5C62A42C3FF5E00026ED08 /* ColorTestAppUITests.xctest */;
			productType = "com.apple.product-type.bundle.ui-testing";
		};
/* End PBXNativeTarget section */

/* Begin PBXProject section */
		DF5C62822C3FF5DB0026ED08 /* Project object */ = {
			isa = PBXProject;
			attributes = {
				BuildIndependentTargetsInParallel = 1;
				LastSwiftUpdateCheck = 1540;
				LastUpgradeCheck = 1540;
				TargetAttributes = {
					DF5C62892C3FF5DB0026ED08 = {
						CreatedOnToolsVersion = 15.4;
					};
					DF5C62992C3FF5E00026ED08 = {
						CreatedOnToolsVersion = 15.4;
						TestTargetID = DF5C62892C3FF5DB0026ED08;
					};
					DF5C62A32C3FF5E00026ED08 = {
						CreatedOnToolsVersion = 15.4;
						TestTargetID = DF5C62892C3FF5DB0026ED08;
					};
				};
			};
			buildConfigurationList = DF5C62852C3FF5DB0026ED08 /* Build configuration list for PBXProject "ColorTestApp" */;
			compatibilityVersion = "Xcode 14.0";
			developmentRegion = en;
			hasScannedForEncodings = 0;
			knownRegions = (
				en,
				Base,
			);
			mainGroup = DF5C62812C3FF5DB0026ED08;
			productRefGroup = DF5C628B2C3FF5DB0026ED08 /* Products */;
			projectDirPath = "";
			projectRoot = "";
			targets = (
				DF5C62892C3FF5DB0026ED08 /* ColorTestApp */,
				DF5C62992C3FF5E00026ED08 /* ColorTestAppTests */,
				DF5C62A32C3FF5E00026ED08 /* ColorTestAppUITests */,
			);
		};
/* End PBXProject section */

/* Begin PBXResourcesBuildPhase section */
		DF5C62882C3FF5DB0026ED08 /* Resources */ = {
			isa = PBXResourcesBuildPhase;
			buildActionMask = 2147483647;
			files = (
				DF5C62952C3FF5E00026ED08 /* Preview Assets.xcassets in Resources */,
				DF5C62922C3FF5E00026ED08 /* Assets.xcassets in Resources */,
			);
			runOnlyForDeploymentPostprocessing = 0;
		};
		DF5C62982C3FF5E00026ED08 /* Resources */ = {
			isa = PBXResourcesBuildPhase;
			buildActionMask = 2147483647;
			files = (
			);
			runOnlyForDeploymentPostprocessing = 0;
		};
		DF5C62A22C3FF5E00026ED08 /* Resources */ = {
			isa = PBXResourcesBuildPhase;
			buildActionMask = 2147483647;
			files = (
			);
			runOnlyForDeploymentPostprocessing = 0;
		};
/* End PBXResourcesBuildPhase section */

/* Begin PBXSourcesBuildPhase section */
		DF5C62862C3FF5DB0026ED08 /* Sources */ = {
			isa = PBXSourcesBuildPhase;
			buildActionMask = 2147483647;
			files = (
				DF5C62902C3FF5DB0026ED08 /* ContentView.swift in Sources */,
				DF5C62B82C3FF8930026ED08 /* ColorSlider.swift in Sources */,
				DF5C628E2C3FF5DB0026ED08 /* ColorTestAppApp.swift in Sources */,
			);
			runOnlyForDeploymentPostprocessing = 0;
		};
		DF5C62962C3FF5E00026ED08 /* Sources */ = {
			isa = PBXSourcesBuildPhase;
			buildActionMask = 2147483647;
			files = (
				DF5C629F2C3FF5E00026ED08 /* ColorTestAppTests.swift in Sources */,
			);
			runOnlyForDeploymentPostprocessing = 0;
		};
		DF5C62A02C3FF5E00026ED08 /* Sources */ = {
			isa = PBXSourcesBuildPhase;
			buildActionMask = 2147483647;
			files = (
				DF5C62AB2C3FF5E00026ED08 /* ColorTestAppUITestsLaunchTests.swift in Sources */,
				DF5C62A92C3FF5E00026ED08 /* ColorTestAppUITests.swift in Sources */,
			);
			runOnlyForDeploymentPostprocessing = 0;
		};
/* End PBXSourcesBuildPhase section */

/* Begin PBXTargetDependency section */
		DF5C629C2C3FF5E00026ED08 /* PBXTargetDependency */ = {
			isa = PBXTargetDependency;
			target = DF5C62892C3FF5DB0026ED08 /* ColorTestApp */;
			targetProxy = DF5C629B2C3FF5E00026ED08 /* PBXContainerItemProxy */;
		};
		DF5C62A62C3FF5E00026ED08 /* PBXTargetDependency */ = {
			isa = PBXTargetDependency;
			target = DF5C62892C3FF5DB0026ED08 /* ColorTestApp */;
			targetProxy = DF5C62A52C3FF5E00026ED08 /* PBXContainerItemProxy */;
		};
/* End PBXTargetDependency section */

/* Begin XCBuildConfiguration section */
		DF5C62AC2C3FF5E00026ED08 /* Debug */ = {
			isa = XCBuildConfiguration;
			buildSettings = {
				ALWAYS_SEARCH_USER_PATHS = NO;
				ASSETCATALOG_COMPILER_GENERATE_SWIFT_ASSET_SYMBOL_EXTENSIONS = YES;
				CLANG_ANALYZER_NONNULL = YES;
				CLANG_ANALYZER_NUMBER_OBJECT_CONVERSION = YES_AGGRESSIVE;
				CLANG_CXX_LANGUAGE_STANDARD = "gnu++20";
				CLANG_ENABLE_MODULES = YES;
				CLANG_ENABLE_OBJC_ARC = YES;
				CLANG_ENABLE_OBJC_WEAK = YES;
				CLANG_WARN_BLOCK_CAPTURE_AUTORELEASING = YES;
				CLANG_WARN_BOOL_CONVERSION = YES;
				CLANG_WARN_COMMA = YES;
				CLANG_WARN_CONSTANT_CONVERSION = YES;
				CLANG_WARN_DEPRECATED_OBJC_IMPLEMENTATIONS = YES;
				CLANG_WARN_DIRECT_OBJC_ISA_USAGE = YES_ERROR;
				CLANG_WARN_DOCUMENTATION_COMMENTS = YES;
				CLANG_WARN_EMPTY_BODY = YES;
				CLANG_WARN_ENUM_CONVERSION = YES;
				CLANG_WARN_INFINITE_RECURSION = YES;
				CLANG_WARN_INT_CONVERSION = YES;
				CLANG_WARN_NON_LITERAL_NULL_CONVERSION = YES;
				CLANG_WARN_OBJC_IMPLICIT_RETAIN_SELF = YES;
				CLANG_WARN_OBJC_LITERAL_CONVERSION = YES;
				CLANG_WARN_OBJC_ROOT_CLASS = YES_ERROR;
				CLANG_WARN_QUOTED_INCLUDE_IN_FRAMEWORK_HEADER = YES;
				CLANG_WARN_RANGE_LOOP_ANALYSIS = YES;
				CLANG_WARN_STRICT_PROTOTYPES = YES;
				CLANG_WARN_SUSPICIOUS_MOVE = YES;
				CLANG_WARN_UNGUARDED_AVAILABILITY = YES_AGGRESSIVE;
				CLANG_WARN_UNREACHABLE_CODE = YES;
				CLANG_WARN__DUPLICATE_METHOD_MATCH = YES;
				COPY_PHASE_STRIP = NO;
				DEBUG_INFORMATION_FORMAT = dwarf;
				ENABLE_STRICT_OBJC_MSGSEND = YES;
				ENABLE_TESTABILITY = YES;
				ENABLE_USER_SCRIPT_SANDBOXING = YES;
				GCC_C_LANGUAGE_STANDARD = gnu17;
				GCC_DYNAMIC_NO_PIC = NO;
				GCC_NO_COMMON_BLOCKS = YES;
				GCC_OPTIMIZATION_LEVEL = 0;
				GCC_PREPROCESSOR_DEFINITIONS = (
					"DEBUG=1",
					"$(inherited)",
				);
				GCC_WARN_64_TO_32_BIT_CONVERSION = YES;
				GCC_WARN_ABOUT_RETURN_TYPE = YES_ERROR;
				GCC_WARN_UNDECLARED_SELECTOR = YES;
				GCC_WARN_UNINITIALIZED_AUTOS = YES_AGGRESSIVE;
				GCC_WARN_UNUSED_FUNCTION = YES;
				GCC_WARN_UNUSED_VARIABLE = YES;
				IPHONEOS_DEPLOYMENT_TARGET = 17.5;
				LOCALIZATION_PREFERS_STRING_CATALOGS = YES;
				MTL_ENABLE_DEBUG_INFO = INCLUDE_SOURCE;
				MTL_FAST_MATH = YES;
				ONLY_ACTIVE_ARCH = YES;
				SDKROOT = iphoneos;
				SWIFT_ACTIVE_COMPILATION_CONDITIONS = "DEBUG $(inherited)";
				SWIFT_OPTIMIZATION_LEVEL = "-Onone";
			};
			name = Debug;
		};
		DF5C62AD2C3FF5E00026ED08 /* Release */ = {
			isa = XCBuildConfiguration;
			buildSettings = {
				ALWAYS_SEARCH_USER_PATHS = NO;
				ASSETCATALOG_COMPILER_GENERATE_SWIFT_ASSET_SYMBOL_EXTENSIONS = YES;
				CLANG_ANALYZER_NONNULL = YES;
				CLANG_ANALYZER_NUMBER_OBJECT_CONVERSION = YES_AGGRESSIVE;
				CLANG_CXX_LANGUAGE_STANDARD = "gnu++20";
				CLANG_ENABLE_MODULES = YES;
				CLANG_ENABLE_OBJC_ARC = YES;
				CLANG_ENABLE_OBJC_WEAK = YES;
				CLANG_WARN_BLOCK_CAPTURE_AUTORELEASING = YES;
				CLANG_WARN_BOOL_CONVERSION = YES;
				CLANG_WARN_COMMA = YES;
				CLANG_WARN_CONSTANT_CONVERSION = YES;
				CLANG_WARN_DEPRECATED_OBJC_IMPLEMENTATIONS = YES;
				CLANG_WARN_DIRECT_OBJC_ISA_USAGE = YES_ERROR;
				CLANG_WARN_DOCUMENTATION_COMMENTS = YES;
				CLANG_WARN_EMPTY_BODY = YES;
				CLANG_WARN_ENUM_CONVERSION = YES;
				CLANG_WARN_INFINITE_RECURSION = YES;
				CLANG_WARN_INT_CONVERSION = YES;
				CLANG_WARN_NON_LITERAL_NULL_CONVERSION = YES;
				CLANG_WARN_OBJC_IMPLICIT_RETAIN_SELF = YES;
				CLANG_WARN_OBJC_LITERAL_CONVERSION = YES;
				CLANG_WARN_OBJC_ROOT_CLASS = YES_ERROR;
				CLANG_WARN_QUOTED_INCLUDE_IN_FRAMEWORK_HEADER = YES;
				CLANG_WARN_RANGE_LOOP_ANALYSIS = YES;
				CLANG_WARN_STRICT_PROTOTYPES = YES;
				CLANG_WARN_SUSPICIOUS_MOVE = YES;
				CLANG_WARN_UNGUARDED_AVAILABILITY = YES_AGGRESSIVE;
				CLANG_WARN_UNREACHABLE_CODE = YES;
				CLANG_WARN__DUPLICATE_METHOD_MATCH = YES;
				COPY_PHASE_STRIP = NO;
				DEBUG_INFORMATION_FORMAT = "dwarf-with-dsym";
				ENABLE_NS_ASSERTIONS = NO;
				ENABLE_STRICT_OBJC_MSGSEND = YES;
				ENABLE_USER_SCRIPT_SANDBOXING = YES;
				GCC_C_LANGUAGE_STANDARD = gnu17;
				GCC_NO_COMMON_BLOCKS = YES;
				GCC_WARN_64_TO_32_BIT_CONVERSION = YES;
				GCC_WARN_ABOUT_RETURN_TYPE = YES_ERROR;
				GCC_WARN_UNDECLARED_SELECTOR = YES;
				GCC_WARN_UNINITIALIZED_AUTOS = YES_AGGRESSIVE;
				GCC_WARN_UNUSED_FUNCTION = YES;
				GCC_WARN_UNUSED_VARIABLE = YES;
				IPHONEOS_DEPLOYMENT_TARGET = 17.5;
				LOCALIZATION_PREFERS_STRING_CATALOGS = YES;
				MTL_ENABLE_DEBUG_INFO = NO;
				MTL_FAST_MATH = YES;
				SDKROOT = iphoneos;
				SWIFT_COMPILATION_MODE = wholemodule;
				VALIDATE_PRODUCT = YES;
			};
			name = Release;
		};
		DF5C62AF2C3FF5E00026ED08 /* Debug */ = {
			isa = XCBuildConfiguration;
			buildSettings = {
				ASSETCATALOG_COMPILER_APPICON_NAME = AppIcon;
				ASSETCATALOG_COMPILER_GLOBAL_ACCENT_COLOR_NAME = AccentColor;
				CODE_SIGN_STYLE = Automatic;
				CURRENT_PROJECT_VERSION = 1;
				DEVELOPMENT_ASSET_PATHS = "\"ColorTestApp/Preview Content\"";
				ENABLE_PREVIEWS = YES;
				GENERATE_INFOPLIST_FILE = YES;
				INFOPLIST_KEY_UIApplicationSceneManifest_Generation = YES;
				INFOPLIST_KEY_UIApplicationSupportsIndirectInputEvents = YES;
				INFOPLIST_KEY_UILaunchScreen_Generation = YES;
				INFOPLIST_KEY_UISupportedInterfaceOrientations_iPad = "UIInterfaceOrientationPortrait UIInterfaceOrientationPortraitUpsideDown UIInterfaceOrientationLandscapeLeft UIInterfaceOrientationLandscapeRight";
				INFOPLIST_KEY_UISupportedInterfaceOrientations_iPhone = "UIInterfaceOrientationPortrait UIInterfaceOrientationLandscapeLeft UIInterfaceOrientationLandscapeRight";
				LD_RUNPATH_SEARCH_PATHS = (
					"$(inherited)",
					"@executable_path/Frameworks",
				);
				MARKETING_VERSION = 1.0;
				PRODUCT_BUNDLE_IDENTIFIER = com.kyle.ColorTestApp;
				PRODUCT_NAME = "$(TARGET_NAME)";
				SWIFT_EMIT_LOC_STRINGS = YES;
				SWIFT_VERSION = 5.0;
				TARGETED_DEVICE_FAMILY = "1,2";
			};
			name = Debug;
		};
		DF5C62B02C3FF5E00026ED08 /* Release */ = {
			isa = XCBuildConfiguration;
			buildSettings = {
				ASSETCATALOG_COMPILER_APPICON_NAME = AppIcon;
				ASSETCATALOG_COMPILER_GLOBAL_ACCENT_COLOR_NAME = AccentColor;
				CODE_SIGN_STYLE = Automatic;
				CURRENT_PROJECT_VERSION = 1;
				DEVELOPMENT_ASSET_PATHS = "\"ColorTestApp/Preview Content\"";
				ENABLE_PREVIEWS = YES;
				GENERATE_INFOPLIST_FILE = YES;
				INFOPLIST_KEY_UIApplicationSceneManifest_Generation = YES;
				INFOPLIST_KEY_UIApplicationSupportsIndirectInputEvents = YES;
				INFOPLIST_KEY_UILaunchScreen_Generation = YES;
				INFOPLIST_KEY_UISupportedInterfaceOrientations_iPad = "UIInterfaceOrientationPortrait UIInterfaceOrientationPortraitUpsideDown UIInterfaceOrientationLandscapeLeft UIInterfaceOrientationLandscapeRight";
				INFOPLIST_KEY_UISupportedInterfaceOrientations_iPhone = "UIInterfaceOrientationPortrait UIInterfaceOrientationLandscapeLeft UIInterfaceOrientationLandscapeRight";
				LD_RUNPATH_SEARCH_PATHS = (
					"$(inherited)",
					"@executable_path/Frameworks",
				);
				MARKETING_VERSION = 1.0;
				PRODUCT_BUNDLE_IDENTIFIER = com.kyle.ColorTestApp;
				PRODUCT_NAME = "$(TARGET_NAME)";
				SWIFT_EMIT_LOC_STRINGS = YES;
				SWIFT_VERSION = 5.0;
				TARGETED_DEVICE_FAMILY = "1,2";
			};
			name = Release;
		};
		DF5C62B22C3FF5E00026ED08 /* Debug */ = {
			isa = XCBuildConfiguration;
			buildSettings = {
				ALWAYS_EMBED_SWIFT_STANDARD_LIBRARIES = YES;
				BUNDLE_LOADER = "$(TEST_HOST)";
				CODE_SIGN_STYLE = Automatic;
				CURRENT_PROJECT_VERSION = 1;
				GENERATE_INFOPLIST_FILE = YES;
				IPHONEOS_DEPLOYMENT_TARGET = 17.5;
				MARKETING_VERSION = 1.0;
				PRODUCT_BUNDLE_IDENTIFIER = com.kyle.ColorTestAppTests;
				PRODUCT_NAME = "$(TARGET_NAME)";
				SWIFT_EMIT_LOC_STRINGS = NO;
				SWIFT_VERSION = 5.0;
				TARGETED_DEVICE_FAMILY = "1,2";
				TEST_HOST = "$(BUILT_PRODUCTS_DIR)/ColorTestApp.app/$(BUNDLE_EXECUTABLE_FOLDER_PATH)/ColorTestApp";
			};
			name = Debug;
		};
		DF5C62B32C3FF5E00026ED08 /* Release */ = {
			isa = XCBuildConfiguration;
			buildSettings = {
				ALWAYS_EMBED_SWIFT_STANDARD_LIBRARIES = YES;
				BUNDLE_LOADER = "$(TEST_HOST)";
				CODE_SIGN_STYLE = Automatic;
				CURRENT_PROJECT_VERSION = 1;
				GENERATE_INFOPLIST_FILE = YES;
				IPHONEOS_DEPLOYMENT_TARGET = 17.5;
				MARKETING_VERSION = 1.0;
				PRODUCT_BUNDLE_IDENTIFIER = com.kyle.ColorTestAppTests;
				PRODUCT_NAME = "$(TARGET_NAME)";
				SWIFT_EMIT_LOC_STRINGS = NO;
				SWIFT_VERSION = 5.0;
				TARGETED_DEVICE_FAMILY = "1,2";
				TEST_HOST = "$(BUILT_PRODUCTS_DIR)/ColorTestApp.app/$(BUNDLE_EXECUTABLE_FOLDER_PATH)/ColorTestApp";
			};
			name = Release;
		};
		DF5C62B52C3FF5E00026ED08 /* Debug */ = {
			isa = XCBuildConfiguration;
			buildSettings = {
				ALWAYS_EMBED_SWIFT_STANDARD_LIBRARIES = YES;
				CODE_SIGN_STYLE = Automatic;
				CURRENT_PROJECT_VERSION = 1;
				GENERATE_INFOPLIST_FILE = YES;
				MARKETING_VERSION = 1.0;
				PRODUCT_BUNDLE_IDENTIFIER = com.kyle.ColorTestAppUITests;
				PRODUCT_NAME = "$(TARGET_NAME)";
				SWIFT_EMIT_LOC_STRINGS = NO;
				SWIFT_VERSION = 5.0;
				TARGETED_DEVICE_FAMILY = "1,2";
				TEST_TARGET_NAME = ColorTestApp;
			};
			name = Debug;
		};
		DF5C62B62C3FF5E00026ED08 /* Release */ = {
			isa = XCBuildConfiguration;
			buildSettings = {
				ALWAYS_EMBED_SWIFT_STANDARD_LIBRARIES = YES;
				CODE_SIGN_STYLE = Automatic;
				CURRENT_PROJECT_VERSION = 1;
				GENERATE_INFOPLIST_FILE = YES;
				MARKETING_VERSION = 1.0;
				PRODUCT_BUNDLE_IDENTIFIER = com.kyle.ColorTestAppUITests;
				PRODUCT_NAME = "$(TARGET_NAME)";
				SWIFT_EMIT_LOC_STRINGS = NO;
				SWIFT_VERSION = 5.0;
				TARGETED_DEVICE_FAMILY = "1,2";
				TEST_TARGET_NAME = ColorTestApp;
			};
			name = Release;
		};
/* End XCBuildConfiguration section */

/* Begin XCConfigurationList section */
		DF5C62852C3FF5DB0026ED08 /* Build configuration list for PBXProject "ColorTestApp" */ = {
			isa = XCConfigurationList;
			buildConfigurations = (
				DF5C62AC2C3FF5E00026ED08 /* Debug */,
				DF5C62AD2C3FF5E00026ED08 /* Release */,
			);
			defaultConfigurationIsVisible = 0;
			defaultConfigurationName = Release;
		};
		DF5C62AE2C3FF5E00026ED08 /* Build configuration list for PBXNativeTarget "ColorTestApp" */ = {
			isa = XCConfigurationList;
			buildConfigurations = (
				DF5C62AF2C3FF5E00026ED08 /* Debug */,
				DF5C62B02C3FF5E00026ED08 /* Release */,
			);
			defaultConfigurationIsVisible = 0;
			defaultConfigurationName = Release;
		};
		DF5C62B12C3FF5E00026ED08 /* Build configuration list for PBXNativeTarget "ColorTestAppTests" */ = {
			isa = XCConfigurationList;
			buildConfigurations = (
				DF5C62B22C3FF5E00026ED08 /* Debug */,
				DF5C62B32C3FF5E00026ED08 /* Release */,
			);
			defaultConfigurationIsVisible = 0;
			defaultConfigurationName = Release;
		};
		DF5C62B42C3FF5E00026ED08 /* Build configuration list for PBXNativeTarget "ColorTestAppUITests" */ = {
			isa = XCConfigurationList;
			buildConfigurations = (
				DF5C62B52C3FF5E00026ED08 /* Debug */,
				DF5C62B62C3FF5E00026ED08 /* Release */,
			);
			defaultConfigurationIsVisible = 0;
			defaultConfigurationName = Release;
		};
/* End XCConfigurationList section */
	};
	rootObject = DF5C62822C3FF5DB0026ED08 /* Project object */;
}
